
Microsoft Visual Studio Solution File, Format Version 12.00
# Visual Studio 2013
VisualStudioVersion = 12.0.21005.1
MinimumVisualStudioVersion = 10.0.40219.1
Project("{FAE04EC0-301F-11D3-BF4B-00C04F79EFBC}") = "APP_BMS", "APP_BMS\APP_BMS.csproj", "{B4AAFAEE-72B1-41A0-B0F2-53297904E158}"
EndProject
Project("{FAE04EC0-301F-11D3-BF4B-00C04F79EFBC}") = "DAL", "DAL\DAL.csproj", "{5E9E5F1A-152D-4A4D-840F-A55CDE617E56}"
EndProject
Project("{FAE04EC0-301F-11D3-BF4B-00C04F79EFBC}") = "BLL", "BLL\BLL.csproj", "{893DA45B-B264-44F9-B53C-8F982FC56BB4}"
EndProject
Project("{FAE04EC0-301F-11D3-BF4B-00C04F79EFBC}") = "DTO", "DTO\DTO.csproj", "{8B352A0D-5265-4D15-9659-E476AC7DCA08}"
EndProject
Global
	GlobalSection(SolutionConfigurationPlatforms) = preSolution
		Debug|Any CPU = Debug|Any CPU
		Release|Any CPU = Release|Any CPU
	EndGlobalSection
	GlobalSection(ProjectConfigurationPlatforms) = postSolution
		{B4AAFAEE-72B1-41A0-B0F2-53297904E158}.Debug|Any CPU.ActiveCfg = Debug|Any CPU
		{B4AAFAEE-72B1-41A0-B0F2-53297904E158}.Debug|Any CPU.Build.0 = Debug|Any CPU
		{B4AAFAEE-72B1-41A0-B0F2-53297904E158}.Release|Any CPU.ActiveCfg = Release|Any CPU
		{B4AAFAEE-72B1-41A0-B0F2-53297904E158}.Release|Any CPU.Build.0 = Release|Any CPU
		{5E9E5F1A-152D-4A4D-840F-A55CDE617E56}.Debug|Any CPU.ActiveCfg = Debug|Any CPU
		{5E9E5F1A-152D-4A4D-840F-A55CDE617E56}.Debug|Any CPU.Build.0 = Debug|Any CPU
		{5E9E5F1A-152D-4A4D-840F-A55CDE617E56}.Release|Any CPU.ActiveCfg = Release|Any CPU
		{5E9E5F1A-152D-4A4D-840F-A55CDE617E56}.Release|Any CPU.Build.0 = Release|Any CPU
		{893DA45B-B264-44F9-B53C-8F982FC56BB4}.Debug|Any CPU.ActiveCfg = Debug|Any CPU
		{893DA45B-B264-44F9-B53C-8F982FC56BB4}.Debug|Any CPU.Build.0 = Debug|Any CPU
		{893DA45B-B264-44F9-B53C-8F982FC56BB4}.Release|Any CPU.ActiveCfg = Release|Any CPU
		{893DA45B-B264-44F9-B53C-8F982FC56BB4}.Release|Any CPU.Build.0 = Release|Any CPU
		{8B352A0D-5265-4D15-9659-E476AC7DCA08}.Debug|Any CPU.ActiveCfg = Debug|Any CPU
		{8B352A0D-5265-4D15-9659-E476AC7DCA08}.Debug|Any CPU.Build.0 = Debug|Any CPU
		{8B352A0D-5265-4D15-9659-E476AC7DCA08}.Release|Any CPU.ActiveCfg = Release|Any CPU
		{8B352A0D-5265-4D15-9659-E476AC7DCA08}.Release|Any CPU.Build.0 = Release|Any CPU
	EndGlobalSection
	GlobalSection(SolutionProperties) = preSolution
		HideSolutionNode = FALSE
	EndGlobalSection
EndGlobal
